// !$*UTF8*$!
{
	archiveVersion = 1;
	classes = {
	};
	objectVersion = 50;
	objects = {

/* Begin PBXBuildFile section */
		4F2088C6256B9EE20007C00C /* Pretender.mp3 in Resources */ = {isa = PBXBuildFile; fileRef = 4F2088C5256B9EE20007C00C /* Pretender.mp3 */; };
		4F2088CB256B9EF40007C00C /* Papaoutai.mp3 in Resources */ = {isa = PBXBuildFile; fileRef = 4F2088CA256B9EF40007C00C /* Papaoutai.mp3 */; };
		4F2088D2256B9F3D0007C00C /* La La Latch.mp3 in Resources */ = {isa = PBXBuildFile; fileRef = 4F2088CF256B9F3D0007C00C /* La La Latch.mp3 */; };
		4F2088D3256B9F3D0007C00C /* Daft Punk.mp3 in Resources */ = {isa = PBXBuildFile; fileRef = 4F2088D0256B9F3D0007C00C /* Daft Punk.mp3 */; };
		4F2088D4256B9F3D0007C00C /* Hallelujah.mp3 in Resources */ = {isa = PBXBuildFile; fileRef = 4F2088D1256B9F3D0007C00C /* Hallelujah.mp3 */; };
		4F2088E1256E40220007C00C /* MusicList.swift in Sources */ = {isa = PBXBuildFile; fileRef = 4F2088E0256E40220007C00C /* MusicList.swift */; };
		4FBBBC3A256B5D04005E1FCB /* AppDelegate.swift in Sources */ = {isa = PBXBuildFile; fileRef = 4FBBBC39256B5D04005E1FCB /* AppDelegate.swift */; };
		4FBBBC3C256B5D04005E1FCB /* SceneDelegate.swift in Sources */ = {isa = PBXBuildFile; fileRef = 4FBBBC3B256B5D04005E1FCB /* SceneDelegate.swift */; };
		4FBBBC3E256B5D04005E1FCB /* ViewController.swift in Sources */ = {isa = PBXBuildFile; fileRef = 4FBBBC3D256B5D04005E1FCB /* ViewController.swift */; };
		4FBBBC41256B5D04005E1FCB /* Main.storyboard in Resources */ = {isa = PBXBuildFile; fileRef = 4FBBBC3F256B5D04005E1FCB /* Main.storyboard */; };
		4FBBBC43256B5D07005E1FCB /* Assets.xcassets in Resources */ = {isa = PBXBuildFile; fileRef = 4FBBBC42256B5D07005E1FCB /* Assets.xcassets */; };
		4FBBBC46256B5D07005E1FCB /* LaunchScreen.storyboard in Resources */ = {isa = PBXBuildFile; fileRef = 4FBBBC44256B5D07005E1FCB /* LaunchScreen.storyboard */; };
		4FBBBC51256B5D08005E1FCB /* iOSAppPracticeTests.swift in Sources */ = {isa = PBXBuildFile; fileRef = 4FBBBC50256B5D08005E1FCB /* iOSAppPracticeTests.swift */; };
		4FBBBC5C256B5D08005E1FCB /* iOSAppPracticeUITests.swift in Sources */ = {isa = PBXBuildFile; fileRef = 4FBBBC5B256B5D08005E1FCB /* iOSAppPracticeUITests.swift */; };
/* End PBXBuildFile section */

/* Begin PBXContainerItemProxy section */
		4FBBBC4D256B5D08005E1FCB /* PBXContainerItemProxy */ = {
			isa = PBXContainerItemProxy;
			containerPortal = 4FBBBC2E256B5D04005E1FCB /* Project object */;
			proxyType = 1;
			remoteGlobalIDString = 4FBBBC35256B5D04005E1FCB;
			remoteInfo = iOSAppPractice;
		};
		4FBBBC58256B5D08005E1FCB /* PBXContainerItemProxy */ = {
			isa = PBXContainerItemProxy;
			containerPortal = 4FBBBC2E256B5D04005E1FCB /* Project object */;
			proxyType = 1;
			remoteGlobalIDString = 4FBBBC35256B5D04005E1FCB;
			remoteInfo = iOSAppPractice;
		};
/* End PBXContainerItemProxy section */

/* Begin PBXFileReference section */
		4F2088C5256B9EE20007C00C /* Pretender.mp3 */ = {isa = PBXFileReference; lastKnownFileType = audio.mp3; path = Pretender.mp3; sourceTree = "<group>"; };
		4F2088CA256B9EF40007C00C /* Papaoutai.mp3 */ = {isa = PBXFileReference; lastKnownFileType = audio.mp3; path = Papaoutai.mp3; sourceTree = "<group>"; };
		4F2088CF256B9F3D0007C00C /* La La Latch.mp3 */ = {isa = PBXFileReference; lastKnownFileType = audio.mp3; path = "La La Latch.mp3"; sourceTree = "<group>"; };
		4F2088D0256B9F3D0007C00C /* Daft Punk.mp3 */ = {isa = PBXFileReference; lastKnownFileType = audio.mp3; path = "Daft Punk.mp3"; sourceTree = "<group>"; };
		4F2088D1256B9F3D0007C00C /* Hallelujah.mp3 */ = {isa = PBXFileReference; lastKnownFileType = audio.mp3; path = Hallelujah.mp3; sourceTree = "<group>"; };
		4F2088E0256E40220007C00C /* MusicList.swift */ = {isa = PBXFileReference; lastKnownFileType = sourcecode.swift; path = MusicList.swift; sourceTree = "<group>"; };
		4FBBBC36256B5D04005E1FCB /* iOSAppPractice.app */ = {isa = PBXFileReference; explicitFileType = wrapper.application; includeInIndex = 0; path = iOSAppPractice.app; sourceTree = BUILT_PRODUCTS_DIR; };
		4FBBBC39256B5D04005E1FCB /* AppDelegate.swift */ = {isa = PBXFileReference; lastKnownFileType = sourcecode.swift; path = AppDelegate.swift; sourceTree = "<group>"; };
		4FBBBC3B256B5D04005E1FCB /* SceneDelegate.swift */ = {isa = PBXFileReference; lastKnownFileType = sourcecode.swift; path = SceneDelegate.swift; sourceTree = "<group>"; };
		4FBBBC3D256B5D04005E1FCB /* ViewController.swift */ = {isa = PBXFileReference; lastKnownFileType = sourcecode.swift; path = ViewController.swift; sourceTree = "<group>"; };
		4FBBBC40256B5D04005E1FCB /* Base */ = {isa = PBXFileReference; lastKnownFileType = file.storyboard; name = Base; path = Base.lproj/Main.storyboard; sourceTree = "<group>"; };
		4FBBBC42256B5D07005E1FCB /* Assets.xcassets */ = {isa = PBXFileReference; lastKnownFileType = folder.assetcatalog; path = Assets.xcassets; sourceTree = "<group>"; };
		4FBBBC45256B5D07005E1FCB /* Base */ = {isa = PBXFileReference; lastKnownFileType = file.storyboard; name = Base; path = Base.lproj/LaunchScreen.storyboard; sourceTree = "<group>"; };
		4FBBBC47256B5D07005E1FCB /* Info.plist */ = {isa = PBXFileReference; lastKnownFileType = text.plist.xml; path = Info.plist; sourceTree = "<group>"; };
		4FBBBC4C256B5D08005E1FCB /* iOSAppPracticeTests.xctest */ = {isa = PBXFileReference; explicitFileType = wrapper.cfbundle; includeInIndex = 0; path = iOSAppPracticeTests.xctest; sourceTree = BUILT_PRODUCTS_DIR; };
		4FBBBC50256B5D08005E1FCB /* iOSAppPracticeTests.swift */ = {isa = PBXFileReference; lastKnownFileType = sourcecode.swift; path = iOSAppPracticeTests.swift; sourceTree = "<group>"; };
		4FBBBC52256B5D08005E1FCB /* Info.plist */ = {isa = PBXFileReference; lastKnownFileType = text.plist.xml; path = Info.plist; sourceTree = "<group>"; };
		4FBBBC57256B5D08005E1FCB /* iOSAppPracticeUITests.xctest */ = {isa = PBXFileReference; explicitFileType = wrapper.cfbundle; includeInIndex = 0; path = iOSAppPracticeUITests.xctest; sourceTree = BUILT_PRODUCTS_DIR; };
		4FBBBC5B256B5D08005E1FCB /* iOSAppPracticeUITests.swift */ = {isa = PBXFileReference; lastKnownFileType = sourcecode.swift; path = iOSAppPracticeUITests.swift; sourceTree = "<group>"; };
		4FBBBC5D256B5D08005E1FCB /* Info.plist */ = {isa = PBXFileReference; lastKnownFileType = text.plist.xml; path = Info.plist; sourceTree = "<group>"; };
/* End PBXFileReference section */

/* Begin PBXFrameworksBuildPhase section */
		4FBBBC33256B5D04005E1FCB /* Frameworks */ = {
			isa = PBXFrameworksBuildPhase;
			buildActionMask = 2147483647;
			files = (
			);
			runOnlyForDeploymentPostprocessing = 0;
		};
		4FBBBC49256B5D08005E1FCB /* Frameworks */ = {
			isa = PBXFrameworksBuildPhase;
			buildActionMask = 2147483647;
			files = (
			);
			runOnlyForDeploymentPostprocessing = 0;
		};
		4FBBBC54256B5D08005E1FCB /* Frameworks */ = {
			isa = PBXFrameworksBuildPhase;
			buildActionMask = 2147483647;
			files = (
			);
			runOnlyForDeploymentPostprocessing = 0;
		};
/* End PBXFrameworksBuildPhase section */

/* Begin PBXGroup section */
		4F2088C4256B9EA60007C00C /* Musics */ = {
			isa = PBXGroup;
			children = (
				4F2088D0256B9F3D0007C00C /* Daft Punk.mp3 */,
				4F2088D1256B9F3D0007C00C /* Hallelujah.mp3 */,
				4F2088CF256B9F3D0007C00C /* La La Latch.mp3 */,
				4F2088CA256B9EF40007C00C /* Papaoutai.mp3 */,
				4F2088C5256B9EE20007C00C /* Pretender.mp3 */,
			);
			path = Musics;
			sourceTree = "<group>";
		};
		4FBBBC2D256B5D04005E1FCB = {
			isa = PBXGroup;
			children = (
				4FBBBC38256B5D04005E1FCB /* iOSAppPractice */,
				4FBBBC4F256B5D08005E1FCB /* iOSAppPracticeTests */,
				4FBBBC5A256B5D08005E1FCB /* iOSAppPracticeUITests */,
				4FBBBC37256B5D04005E1FCB /* Products */,
			);
			sourceTree = "<group>";
		};
		4FBBBC37256B5D04005E1FCB /* Products */ = {
			isa = PBXGroup;
			children = (
				4FBBBC36256B5D04005E1FCB /* iOSAppPractice.app */,
				4FBBBC4C256B5D08005E1FCB /* iOSAppPracticeTests.xctest */,
				4FBBBC57256B5D08005E1FCB /* iOSAppPracticeUITests.xctest */,
			);
			name = Products;
			sourceTree = "<group>";
		};
		4FBBBC38256B5D04005E1FCB /* iOSAppPractice */ = {
			isa = PBXGroup;
			children = (
				4F2088C4256B9EA60007C00C /* Musics */,
				4FBBBC39256B5D04005E1FCB /* AppDelegate.swift */,
				4FBBBC3B256B5D04005E1FCB /* SceneDelegate.swift */,
				4FBBBC3D256B5D04005E1FCB /* ViewController.swift */,
				4F2088E0256E40220007C00C /* MusicList.swift */,
				4FBBBC3F256B5D04005E1FCB /* Main.storyboard */,
				4FBBBC42256B5D07005E1FCB /* Assets.xcassets */,
				4FBBBC44256B5D07005E1FCB /* LaunchScreen.storyboard */,
				4FBBBC47256B5D07005E1FCB /* Info.plist */,
			);
			path = iOSAppPractice;
			sourceTree = "<group>";
		};
		4FBBBC4F256B5D08005E1FCB /* iOSAppPracticeTests */ = {
			isa = PBXGroup;
			children = (
				4FBBBC50256B5D08005E1FCB /* iOSAppPracticeTests.swift */,
				4FBBBC52256B5D08005E1FCB /* Info.plist */,
			);
			path = iOSAppPracticeTests;
			sourceTree = "<group>";
		};
		4FBBBC5A256B5D08005E1FCB /* iOSAppPracticeUITests */ = {
			isa = PBXGroup;
			children = (
				4FBBBC5B256B5D08005E1FCB /* iOSAppPracticeUITests.swift */,
				4FBBBC5D256B5D08005E1FCB /* Info.plist */,
			);
			path = iOSAppPracticeUITests;
			sourceTree = "<group>";
		};
/* End PBXGroup section */

/* Begin PBXNativeTarget section */
		4FBBBC35256B5D04005E1FCB /* iOSAppPractice */ = {
			isa = PBXNativeTarget;
			buildConfigurationList = 4FBBBC60256B5D08005E1FCB /* Build configuration list for PBXNativeTarget "iOSAppPractice" */;
			buildPhases = (
				4FBBBC32256B5D04005E1FCB /* Sources */,
				4FBBBC33256B5D04005E1FCB /* Frameworks */,
				4FBBBC34256B5D04005E1FCB /* Resources */,
			);
			buildRules = (
			);
			dependencies = (
			);
			name = iOSAppPractice;
			productName = iOSAppPractice;
			productReference = 4FBBBC36256B5D04005E1FCB /* iOSAppPractice.app */;
			productType = "com.apple.product-type.application";
		};
		4FBBBC4B256B5D08005E1FCB /* iOSAppPracticeTests */ = {
			isa = PBXNativeTarget;
			buildConfigurationList = 4FBBBC63256B5D08005E1FCB /* Build configuration list for PBXNativeTarget "iOSAppPracticeTests" */;
			buildPhases = (
				4FBBBC48256B5D08005E1FCB /* Sources */,
				4FBBBC49256B5D08005E1FCB /* Frameworks */,
				4FBBBC4A256B5D08005E1FCB /* Resources */,
			);
			buildRules = (
			);
			dependencies = (
				4FBBBC4E256B5D08005E1FCB /* PBXTargetDependency */,
			);
			name = iOSAppPracticeTests;
			productName = iOSAppPracticeTests;
			productReference = 4FBBBC4C256B5D08005E1FCB /* iOSAppPracticeTests.xctest */;
			productType = "com.apple.product-type.bundle.unit-test";
		};
		4FBBBC56256B5D08005E1FCB /* iOSAppPracticeUITests */ = {
			isa = PBXNativeTarget;
			buildConfigurationList = 4FBBBC66256B5D08005E1FCB /* Build configuration list for PBXNativeTarget "iOSAppPracticeUITests" */;
			buildPhases = (
				4FBBBC53256B5D08005E1FCB /* Sources */,
				4FBBBC54256B5D08005E1FCB /* Frameworks */,
				4FBBBC55256B5D08005E1FCB /* Resources */,
			);
			buildRules = (
			);
			dependencies = (
				4FBBBC59256B5D08005E1FCB /* PBXTargetDependency */,
			);
			name = iOSAppPracticeUITests;
			productName = iOSAppPracticeUITests;
			productReference = 4FBBBC57256B5D08005E1FCB /* iOSAppPracticeUITests.xctest */;
			productType = "com.apple.product-type.bundle.ui-testing";
		};
/* End PBXNativeTarget section */

/* Begin PBXProject section */
		4FBBBC2E256B5D04005E1FCB /* Project object */ = {
			isa = PBXProject;
			attributes = {
				LastSwiftUpdateCheck = 1220;
				LastUpgradeCheck = 1220;
				TargetAttributes = {
					4FBBBC35256B5D04005E1FCB = {
						CreatedOnToolsVersion = 12.2;
					};
					4FBBBC4B256B5D08005E1FCB = {
						CreatedOnToolsVersion = 12.2;
						TestTargetID = 4FBBBC35256B5D04005E1FCB;
					};
					4FBBBC56256B5D08005E1FCB = {
						CreatedOnToolsVersion = 12.2;
						TestTargetID = 4FBBBC35256B5D04005E1FCB;
					};
				};
			};
			buildConfigurationList = 4FBBBC31256B5D04005E1FCB /* Build configuration list for PBXProject "iOSAppPractice" */;
			compatibilityVersion = "Xcode 9.3";
			developmentRegion = en;
			hasScannedForEncodings = 0;
			knownRegions = (
				en,
				Base,
			);
			mainGroup = 4FBBBC2D256B5D04005E1FCB;
			productRefGroup = 4FBBBC37256B5D04005E1FCB /* Products */;
			projectDirPath = "";
			projectRoot = "";
			targets = (
				4FBBBC35256B5D04005E1FCB /* iOSAppPractice */,
				4FBBBC4B256B5D08005E1FCB /* iOSAppPracticeTests */,
				4FBBBC56256B5D08005E1FCB /* iOSAppPracticeUITests */,
			);
		};
/* End PBXProject section */

/* Begin PBXResourcesBuildPhase section */
		4FBBBC34256B5D04005E1FCB /* Resources */ = {
			isa = PBXResourcesBuildPhase;
			buildActionMask = 2147483647;
			files = (
				4F2088C6256B9EE20007C00C /* Pretender.mp3 in Resources */,
				4F2088D2256B9F3D0007C00C /* La La Latch.mp3 in Resources */,
				4F2088D3256B9F3D0007C00C /* Daft Punk.mp3 in Resources */,
				4FBBBC46256B5D07005E1FCB /* LaunchScreen.storyboard in Resources */,
				4FBBBC43256B5D07005E1FCB /* Assets.xcassets in Resources */,
				4F2088CB256B9EF40007C00C /* Papaoutai.mp3 in Resources */,
				4F2088D4256B9F3D0007C00C /* Hallelujah.mp3 in Resources */,
				4FBBBC41256B5D04005E1FCB /* Main.storyboard in Resources */,
			);
			runOnlyForDeploymentPostprocessing = 0;
		};
		4FBBBC4A256B5D08005E1FCB /* Resources */ = {
			isa = PBXResourcesBuildPhase;
			buildActionMask = 2147483647;
			files = (
			);
			runOnlyForDeploymentPostprocessing = 0;
		};
		4FBBBC55256B5D08005E1FCB /* Resources */ = {
			isa = PBXResourcesBuildPhase;
			buildActionMask = 2147483647;
			files = (
			);
			runOnlyForDeploymentPostprocessing = 0;
		};
/* End PBXResourcesBuildPhase section */

/* Begin PBXSourcesBuildPhase section */
		4FBBBC32256B5D04005E1FCB /* Sources */ = {
			isa = PBXSourcesBuildPhase;
			buildActionMask = 2147483647;
			files = (
				4FBBBC3E256B5D04005E1FCB /* ViewController.swift in Sources */,
				4FBBBC3A256B5D04005E1FCB /* AppDelegate.swift in Sources */,
				4FBBBC3C256B5D04005E1FCB /* SceneDelegate.swift in Sources */,
				4F2088E1256E40220007C00C /* MusicList.swift in Sources */,
			);
			runOnlyForDeploymentPostprocessing = 0;
		};
		4FBBBC48256B5D08005E1FCB /* Sources */ = {
			isa = PBXSourcesBuildPhase;
			buildActionMask = 2147483647;
			files = (
				4FBBBC51256B5D08005E1FCB /* iOSAppPracticeTests.swift in Sources */,
			);
			runOnlyForDeploymentPostprocessing = 0;
		};
		4FBBBC53256B5D08005E1FCB /* Sources */ = {
			isa = PBXSourcesBuildPhase;
			buildActionMask = 2147483647;
			files = (
				4FBBBC5C256B5D08005E1FCB /* iOSAppPracticeUITests.swift in Sources */,
			);
			runOnlyForDeploymentPostprocessing = 0;
		};
/* End PBXSourcesBuildPhase section */

/* Begin PBXTargetDependency section */
		4FBBBC4E256B5D08005E1FCB /* PBXTargetDependency */ = {
			isa = PBXTargetDependency;
			target = 4FBBBC35256B5D04005E1FCB /* iOSAppPractice */;
			targetProxy = 4FBBBC4D256B5D08005E1FCB /* PBXContainerItemProxy */;
		};
		4FBBBC59256B5D08005E1FCB /* PBXTargetDependency */ = {
			isa = PBXTargetDependency;
			target = 4FBBBC35256B5D04005E1FCB /* iOSAppPractice */;
			targetProxy = 4FBBBC58256B5D08005E1FCB /* PBXContainerItemProxy */;
		};
/* End PBXTargetDependency section */

/* Begin PBXVariantGroup section */
		4FBBBC3F256B5D04005E1FCB /* Main.storyboard */ = {
			isa = PBXVariantGroup;
			children = (
				4FBBBC40256B5D04005E1FCB /* Base */,
			);
			name = Main.storyboard;
			sourceTree = "<group>";
		};
		4FBBBC44256B5D07005E1FCB /* LaunchScreen.storyboard */ = {
			isa = PBXVariantGroup;
			children = (
				4FBBBC45256B5D07005E1FCB /* Base */,
			);
			name = LaunchScreen.storyboard;
			sourceTree = "<group>";
		};
/* End PBXVariantGroup section */

/* Begin XCBuildConfiguration section */
		4FBBBC5E256B5D08005E1FCB /* Debug */ = {
			isa = XCBuildConfiguration;
			buildSettings = {
				ALWAYS_SEARCH_USER_PATHS = NO;
				CLANG_ANALYZER_NONNULL = YES;
				CLANG_ANALYZER_NUMBER_OBJECT_CONVERSION = YES_AGGRESSIVE;
				CLANG_CXX_LANGUAGE_STANDARD = "gnu++14";
				CLANG_CXX_LIBRARY = "libc++";
				CLANG_ENABLE_MODULES = YES;
				CLANG_ENABLE_OBJC_ARC = YES;
				CLANG_ENABLE_OBJC_WEAK = YES;
				CLANG_WARN_BLOCK_CAPTURE_AUTORELEASING = YES;
				CLANG_WARN_BOOL_CONVERSION = YES;
				CLANG_WARN_COMMA = YES;
				CLANG_WARN_CONSTANT_CONVERSION = YES;
				CLANG_WARN_DEPRECATED_OBJC_IMPLEMENTATIONS = YES;
				CLANG_WARN_DIRECT_OBJC_ISA_USAGE = YES_ERROR;
				CLANG_WARN_DOCUMENTATION_COMMENTS = YES;
				CLANG_WARN_EMPTY_BODY = YES;
				CLANG_WARN_ENUM_CONVERSION = YES;
				CLANG_WARN_INFINITE_RECURSION = YES;
				CLANG_WARN_INT_CONVERSION = YES;
				CLANG_WARN_NON_LITERAL_NULL_CONVERSION = YES;
				CLANG_WARN_OBJC_IMPLICIT_RETAIN_SELF = YES;
				CLANG_WARN_OBJC_LITERAL_CONVERSION = YES;
				CLANG_WARN_OBJC_ROOT_CLASS = YES_ERROR;
				CLANG_WARN_QUOTED_INCLUDE_IN_FRAMEWORK_HEADER = YES;
				CLANG_WARN_RANGE_LOOP_ANALYSIS = YES;
				CLANG_WARN_STRICT_PROTOTYPES = YES;
				CLANG_WARN_SUSPICIOUS_MOVE = YES;
				CLANG_WARN_UNGUARDED_AVAILABILITY = YES_AGGRESSIVE;
				CLANG_WARN_UNREACHABLE_CODE = YES;
				CLANG_WARN__DUPLICATE_METHOD_MATCH = YES;
				COPY_PHASE_STRIP = NO;
				DEBUG_INFORMATION_FORMAT = dwarf;
				ENABLE_STRICT_OBJC_MSGSEND = YES;
				ENABLE_TESTABILITY = YES;
				GCC_C_LANGUAGE_STANDARD = gnu11;
				GCC_DYNAMIC_NO_PIC = NO;
				GCC_NO_COMMON_BLOCKS = YES;
				GCC_OPTIMIZATION_LEVEL = 0;
				GCC_PREPROCESSOR_DEFINITIONS = (
					"DEBUG=1",
					"$(inherited)",
				);
				GCC_WARN_64_TO_32_BIT_CONVERSION = YES;
				GCC_WARN_ABOUT_RETURN_TYPE = YES_ERROR;
				GCC_WARN_UNDECLARED_SELECTOR = YES;
				GCC_WARN_UNINITIALIZED_AUTOS = YES_AGGRESSIVE;
				GCC_WARN_UNUSED_FUNCTION = YES;
				GCC_WARN_UNUSED_VARIABLE = YES;
				IPHONEOS_DEPLOYMENT_TARGET = 14.2;
				MTL_ENABLE_DEBUG_INFO = INCLUDE_SOURCE;
				MTL_FAST_MATH = YES;
				ONLY_ACTIVE_ARCH = YES;
				SDKROOT = iphoneos;
				SWIFT_ACTIVE_COMPILATION_CONDITIONS = DEBUG;
				SWIFT_OPTIMIZATION_LEVEL = "-Onone";
			};
			name = Debug;
		};
		4FBBBC5F256B5D08005E1FCB /* Release */ = {
			isa = XCBuildConfiguration;
			buildSettings = {
				ALWAYS_SEARCH_USER_PATHS = NO;
				CLANG_ANALYZER_NONNULL = YES;
				CLANG_ANALYZER_NUMBER_OBJECT_CONVERSION = YES_AGGRESSIVE;
				CLANG_CXX_LANGUAGE_STANDARD = "gnu++14";
				CLANG_CXX_LIBRARY = "libc++";
				CLANG_ENABLE_MODULES = YES;
				CLANG_ENABLE_OBJC_ARC = YES;
				CLANG_ENABLE_OBJC_WEAK = YES;
				CLANG_WARN_BLOCK_CAPTURE_AUTORELEASING = YES;
				CLANG_WARN_BOOL_CONVERSION = YES;
				CLANG_WARN_COMMA = YES;
				CLANG_WARN_CONSTANT_CONVERSION = YES;
				CLANG_WARN_DEPRECATED_OBJC_IMPLEMENTATIONS = YES;
				CLANG_WARN_DIRECT_OBJC_ISA_USAGE = YES_ERROR;
				CLANG_WARN_DOCUMENTATION_COMMENTS = YES;
				CLANG_WARN_EMPTY_BODY = YES;
				CLANG_WARN_ENUM_CONVERSION = YES;
				CLANG_WARN_INFINITE_RECURSION = YES;
				CLANG_WARN_INT_CONVERSION = YES;
				CLANG_WARN_NON_LITERAL_NULL_CONVERSION = YES;
				CLANG_WARN_OBJC_IMPLICIT_RETAIN_SELF = YES;
				CLANG_WARN_OBJC_LITERAL_CONVERSION = YES;
				CLANG_WARN_OBJC_ROOT_CLASS = YES_ERROR;
				CLANG_WARN_QUOTED_INCLUDE_IN_FRAMEWORK_HEADER = YES;
				CLANG_WARN_RANGE_LOOP_ANALYSIS = YES;
				CLANG_WARN_STRICT_PROTOTYPES = YES;
				CLANG_WARN_SUSPICIOUS_MOVE = YES;
				CLANG_WARN_UNGUARDED_AVAILABILITY = YES_AGGRESSIVE;
				CLANG_WARN_UNREACHABLE_CODE = YES;
				CLANG_WARN__DUPLICATE_METHOD_MATCH = YES;
				COPY_PHASE_STRIP = NO;
				DEBUG_INFORMATION_FORMAT = "dwarf-with-dsym";
				ENABLE_NS_ASSERTIONS = NO;
				ENABLE_STRICT_OBJC_MSGSEND = YES;
				GCC_C_LANGUAGE_STANDARD = gnu11;
				GCC_NO_COMMON_BLOCKS = YES;
				GCC_WARN_64_TO_32_BIT_CONVERSION = YES;
				GCC_WARN_ABOUT_RETURN_TYPE = YES_ERROR;
				GCC_WARN_UNDECLARED_SELECTOR = YES;
				GCC_WARN_UNINITIALIZED_AUTOS = YES_AGGRESSIVE;
				GCC_WARN_UNUSED_FUNCTION = YES;
				GCC_WARN_UNUSED_VARIABLE = YES;
				IPHONEOS_DEPLOYMENT_TARGET = 14.2;
				MTL_ENABLE_DEBUG_INFO = NO;
				MTL_FAST_MATH = YES;
				SDKROOT = iphoneos;
				SWIFT_COMPILATION_MODE = wholemodule;
				SWIFT_OPTIMIZATION_LEVEL = "-O";
				VALIDATE_PRODUCT = YES;
			};
			name = Release;
		};
		4FBBBC61256B5D08005E1FCB /* Debug */ = {
			isa = XCBuildConfiguration;
			buildSettings = {
				ASSETCATALOG_COMPILER_APPICON_NAME = AppIcon;
				ASSETCATALOG_COMPILER_GLOBAL_ACCENT_COLOR_NAME = AccentColor;
				CODE_SIGN_STYLE = Automatic;
				DEVELOPMENT_TEAM = 6U2TAM5353;
				INFOPLIST_FILE = iOSAppPractice/Info.plist;
				LD_RUNPATH_SEARCH_PATHS = (
					"$(inherited)",
					"@executable_path/Frameworks",
				);
				PRODUCT_BUNDLE_IDENTIFIER = com.krauserhuang.iOSAppPractice;
				PRODUCT_NAME = "$(TARGET_NAME)";
				SWIFT_VERSION = 5.0;
				TARGETED_DEVICE_FAMILY = "1,2";
			};
			name = Debug;
		};
		4FBBBC62256B5D08005E1FCB /* Release */ = {
			isa = XCBuildConfiguration;
			buildSettings = {
				ASSETCATALOG_COMPILER_APPICON_NAME = AppIcon;
				ASSETCATALOG_COMPILER_GLOBAL_ACCENT_COLOR_NAME = AccentColor;
				CODE_SIGN_STYLE = Automatic;
				DEVELOPMENT_TEAM = 6U2TAM5353;
				INFOPLIST_FILE = iOSAppPractice/Info.plist;
				LD_RUNPATH_SEARCH_PATHS = (
					"$(inherited)",
					"@executable_path/Frameworks",
				);
				PRODUCT_BUNDLE_IDENTIFIER = com.krauserhuang.iOSAppPractice;
				PRODUCT_NAME = "$(TARGET_NAME)";
				SWIFT_VERSION = 5.0;
				TARGETED_DEVICE_FAMILY = "1,2";
			};
			name = Release;
		};
		4FBBBC64256B5D08005E1FCB /* Debug */ = {
			isa = XCBuildConfiguration;
			buildSettings = {
				ALWAYS_EMBED_SWIFT_STANDARD_LIBRARIES = YES;
				BUNDLE_LOADER = "$(TEST_HOST)";
				CODE_SIGN_STYLE = Automatic;
				DEVELOPMENT_TEAM = 6U2TAM5353;
				INFOPLIST_FILE = iOSAppPracticeTests/Info.plist;
				IPHONEOS_DEPLOYMENT_TARGET = 14.2;
				LD_RUNPATH_SEARCH_PATHS = (
					"$(inherited)",
					"@executable_path/Frameworks",
					"@loader_path/Frameworks",
				);
				PRODUCT_BUNDLE_IDENTIFIER = com.krauserhuang.iOSAppPracticeTests;
				PRODUCT_NAME = "$(TARGET_NAME)";
				SWIFT_VERSION = 5.0;
				TARGETED_DEVICE_FAMILY = "1,2";
				TEST_HOST = "$(BUILT_PRODUCTS_DIR)/iOSAppPractice.app/iOSAppPractice";
			};
			name = Debug;
		};
		4FBBBC65256B5D08005E1FCB /* Release */ = {
			isa = XCBuildConfiguration;
			buildSettings = {
				ALWAYS_EMBED_SWIFT_STANDARD_LIBRARIES = YES;
				BUNDLE_LOADER = "$(TEST_HOST)";
				CODE_SIGN_STYLE = Automatic;
				DEVELOPMENT_TEAM = 6U2TAM5353;
				INFOPLIST_FILE = iOSAppPracticeTests/Info.plist;
				IPHONEOS_DEPLOYMENT_TARGET = 14.2;
				LD_RUNPATH_SEARCH_PATHS = (
					"$(inherited)",
					"@executable_path/Frameworks",
					"@loader_path/Frameworks",
				);
				PRODUCT_BUNDLE_IDENTIFIER = com.krauserhuang.iOSAppPracticeTests;
				PRODUCT_NAME = "$(TARGET_NAME)";
				SWIFT_VERSION = 5.0;
				TARGETED_DEVICE_FAMILY = "1,2";
				TEST_HOST = "$(BUILT_PRODUCTS_DIR)/iOSAppPractice.app/iOSAppPractice";
			};
			name = Release;
		};
		4FBBBC67256B5D08005E1FCB /* Debug */ = {
			isa = XCBuildConfiguration;
			buildSettings = {
				ALWAYS_EMBED_SWIFT_STANDARD_LIBRARIES = YES;
				CODE_SIGN_STYLE = Automatic;
				DEVELOPMENT_TEAM = 6U2TAM5353;
				INFOPLIST_FILE = iOSAppPracticeUITests/Info.plist;
				LD_RUNPATH_SEARCH_PATHS = (
					"$(inherited)",
					"@executable_path/Frameworks",
					"@loader_path/Frameworks",
				);
				PRODUCT_BUNDLE_IDENTIFIER = com.krauserhuang.iOSAppPracticeUITests;
				PRODUCT_NAME = "$(TARGET_NAME)";
				SWIFT_VERSION = 5.0;
				TARGETED_DEVICE_FAMILY = "1,2";
				TEST_TARGET_NAME = iOSAppPractice;
			};
			name = Debug;
		};
		4FBBBC68256B5D08005E1FCB /* Release */ = {
			isa = XCBuildConfiguration;
			buildSettings = {
				ALWAYS_EMBED_SWIFT_STANDARD_LIBRARIES = YES;
				CODE_SIGN_STYLE = Automatic;
				DEVELOPMENT_TEAM = 6U2TAM5353;
				INFOPLIST_FILE = iOSAppPracticeUITests/Info.plist;
				LD_RUNPATH_SEARCH_PATHS = (
					"$(inherited)",
					"@executable_path/Frameworks",
					"@loader_path/Frameworks",
				);
				PRODUCT_BUNDLE_IDENTIFIER = com.krauserhuang.iOSAppPracticeUITests;
				PRODUCT_NAME = "$(TARGET_NAME)";
				SWIFT_VERSION = 5.0;
				TARGETED_DEVICE_FAMILY = "1,2";
				TEST_TARGET_NAME = iOSAppPractice;
			};
			name = Release;
		};
/* End XCBuildConfiguration section */

/* Begin XCConfigurationList section */
		4FBBBC31256B5D04005E1FCB /* Build configuration list for PBXProject "iOSAppPractice" */ = {
			isa = XCConfigurationList;
			buildConfigurations = (
				4FBBBC5E256B5D08005E1FCB /* Debug */,
				4FBBBC5F256B5D08005E1FCB /* Release */,
			);
			defaultConfigurationIsVisible = 0;
			defaultConfigurationName = Release;
		};
		4FBBBC60256B5D08005E1FCB /* Build configuration list for PBXNativeTarget "iOSAppPractice" */ = {
			isa = XCConfigurationList;
			buildConfigurations = (
				4FBBBC61256B5D08005E1FCB /* Debug */,
				4FBBBC62256B5D08005E1FCB /* Release */,
			);
			defaultConfigurationIsVisible = 0;
			defaultConfigurationName = Release;
		};
		4FBBBC63256B5D08005E1FCB /* Build configuration list for PBXNativeTarget "iOSAppPracticeTests" */ = {
			isa = XCConfigurationList;
			buildConfigurations = (
				4FBBBC64256B5D08005E1FCB /* Debug */,
				4FBBBC65256B5D08005E1FCB /* Release */,
			);
			defaultConfigurationIsVisible = 0;
			defaultConfigurationName = Release;
		};
		4FBBBC66256B5D08005E1FCB /* Build configuration list for PBXNativeTarget "iOSAppPracticeUITests" */ = {
			isa = XCConfigurationList;
			buildConfigurations = (
				4FBBBC67256B5D08005E1FCB /* Debug */,
				4FBBBC68256B5D08005E1FCB /* Release */,
			);
			defaultConfigurationIsVisible = 0;
			defaultConfigurationName = Release;
		};
/* End XCConfigurationList section */
	};
	rootObject = 4FBBBC2E256B5D04005E1FCB /* Project object */;
}
